
Microsoft Visual Studio Solution File, Format Version 12.00
# Visual Studio Version 16
VisualStudioVersion = 16.0.28803.202
MinimumVisualStudioVersion = 10.0.40219.1
Project("{9A19103F-16F7-4668-BE54-9A1E7A4F7556}") = "Builder", "build\Builder\Builder.csproj", "{92B28B27-221C-429C-87D7-F012EA8794DF}"
EndProject
Project("{2150E333-8FDC-42A3-9474-1A3956D46DE8}") = "build", "build", "{5B152646-82EE-4457-A693-5B58F1F495C7}"
EndProject
Project("{2150E333-8FDC-42A3-9474-1A3956D46DE8}") = "src", "src", "{A83DCC44-55AA-41BD-8412-75F0F75AA549}"
EndProject
Project("{2150E333-8FDC-42A3-9474-1A3956D46DE8}") = "test", "test", "{3CF54EF2-0E11-47C4-84AF-6B80C60749D1}"
EndProject
Project("{9A19103F-16F7-4668-BE54-9A1E7A4F7556}") = "AdminApp", "src\AdminApp\AdminApp.csproj", "{FD4BFC7F-D58A-4034-A390-A30A7C187612}"
EndProject
Project("{9A19103F-16F7-4668-BE54-9A1E7A4F7556}") = "ClientApp", "src\ClientApp\ClientApp.csproj", "{1BB6B7DE-C0F4-4506-9197-C255E50B7879}"
EndProject
Project("{9A19103F-16F7-4668-BE54-9A1E7A4F7556}") = "IdentityServer", "src\IdentityServer\IdentityServer.csproj", "{086B6EF5-EA49-4588-80D5-AA3724C4EC5E}"
EndProject
Project("{9A19103F-16F7-4668-BE54-9A1E7A4F7556}") = "PermissionServer", "src\PermissionServer\PermissionServer.csproj", "{5FB92FBD-43C2-459B-93D6-786C486E81D4}"
EndProject
Project("{2150E333-8FDC-42A3-9474-1A3956D46DE8}") = "Solution Items", "Solution Items", "{992FF64A-6F57-4AEE-BE2A-1C882B74D979}"
	ProjectSection(SolutionItems) = preProject
		appveyor.yml = appveyor.yml
		build.cmd = build.cmd
		build.ps1 = build.ps1
		README.md = README.md
	EndProjectSection
EndProject
Project("{9A19103F-16F7-4668-BE54-9A1E7A4F7556}") = "ConsoleTestApp", "src\ConsoleTestApp\ConsoleTestApp.csproj", "{9D9357DF-6B02-4AE1-A025-0F873D93BC7B}"
EndProject
Project("{9A19103F-16F7-4668-BE54-9A1E7A4F7556}") = "SuperHotFeatureServer", "src\SuperHotFeatureServer\SuperHotFeatureServer.csproj", "{40304ECC-CB62-4CBF-B8FE-F45096F972AA}"
EndProject
Project("{9A19103F-16F7-4668-BE54-9A1E7A4F7556}") = "Models", "src\Models\Models.csproj", "{6948BBA5-07C8-431B-A169-3F16F410B987}"
EndProject
Project("{9A19103F-16F7-4668-BE54-9A1E7A4F7556}") = "Interfaces", "src\Interfaces\Interfaces.csproj", "{839F0EF6-BE30-4558-A8B9-201CB15748D1}"
EndProject
Project("{9A19103F-16F7-4668-BE54-9A1E7A4F7556}") = "Services", "src\Services\Services.csproj", "{81B79C10-7547-48D9-A21C-FF560AAB664D}"
EndProject
Project("{2150E333-8FDC-42A3-9474-1A3956D46DE8}") = "Apps", "Apps", "{035CF405-6058-4FB2-AE27-131DE7A3725B}"
EndProject
Project("{2150E333-8FDC-42A3-9474-1A3956D46DE8}") = "Servers", "Servers", "{E07655C6-2585-44B4-84D5-B697CAC2A9DD}"
EndProject
Project("{2150E333-8FDC-42A3-9474-1A3956D46DE8}") = "Supplements", "Supplements", "{653CFE75-E296-4D5F-AF91-943435B9FA90}"
EndProject
Project("{9A19103F-16F7-4668-BE54-9A1E7A4F7556}") = "BootStrapper", "src\BootStrapper\BootStrapper.csproj", "{543519C9-A1C2-4C8A-BBB3-642E0D94EAA2}"
EndProject
Project("{9A19103F-16F7-4668-BE54-9A1E7A4F7556}") = "PermissionServer.Core", "src\PermissionServer.Core\PermissionServer.Core.csproj", "{A11E9EE2-48FE-4B1B-B625-24891E7679A2}"
EndProject
Project("{9A19103F-16F7-4668-BE54-9A1E7A4F7556}") = "ServicesTests", "test\ServicesTests\ServicesTests.csproj", "{560DE27E-2841-43CD-A715-36FBAA79EEAE}"
EndProject
Project("{9A19103F-16F7-4668-BE54-9A1E7A4F7556}") = "PermissionServer.Models", "src\PermissionServer.Models\PermissionServer.Models.csproj", "{46B2D01E-BCD0-4034-8299-7468FD8869D5}"
EndProject
Project("{9A19103F-16F7-4668-BE54-9A1E7A4F7556}") = "PermissionServer.Client", "src\PermissionServer.Client\PermissionServer.Client.csproj", "{8C8305CC-6722-488C-9A6E-F7D0980BFA58}"
EndProject
Project("{9A19103F-16F7-4668-BE54-9A1E7A4F7556}") = "PermissionServer.CoreTests", "test\PermissionServer.CoreTests\PermissionServer.CoreTests.csproj", "{3DE710B9-7BCD-4C9C-9023-94E1C2EC66AF}"
EndProject
Project("{9A19103F-16F7-4668-BE54-9A1E7A4F7556}") = "ModelTests", "test\ModelTests\ModelTests.csproj", "{67EEC9EC-6098-4361-95C8-16C5907FEEA0}"
EndProject
Project("{2150E333-8FDC-42A3-9474-1A3956D46DE8}") = "doc", "doc", "{478695F9-2A4E-4AA9-ADA9-A5200B282764}"
	ProjectSection(SolutionItems) = preProject
		doc\Function Hierarchy.pptx = doc\Function Hierarchy.pptx
		doc\Permissions.xlsx = doc\Permissions.xlsx
	EndProjectSection
EndProject
Project("{9A19103F-16F7-4668-BE54-9A1E7A4F7556}") = "SuperHotOtherFeatureServer", "src\SuperHotOtherFeatureServer\SuperHotOtherFeatureServer.csproj", "{3ABEC639-E3DD-4B6B-B157-544F8B38DEC4}"
EndProject
Project("{2150E333-8FDC-42A3-9474-1A3956D46DE8}") = "Sdk", "Sdk", "{D4937FBF-5FC0-4C23-8928-28082E548970}"
EndProject
Project("{9A19103F-16F7-4668-BE54-9A1E7A4F7556}") = "PermissionServer.SDK", "src\PermissionServer.SDK\PermissionServer.SDK.csproj", "{9CAC82A3-F5AE-48C5-86ED-2838650BE270}"
EndProject
Project("{9A19103F-16F7-4668-BE54-9A1E7A4F7556}") = "SuperHotFeatureServer.SDK", "src\SuperHotFeatureServer.SDK\SuperHotFeatureServer.SDK.csproj", "{7EEA5353-C568-4A4B-8216-A6342FC5476F}"
EndProject
Project("{9A19103F-16F7-4668-BE54-9A1E7A4F7556}") = "SuperHotOtherFeatureServer.SDK", "src\SuperHotOtherFeatureServer.SDK\SuperHotOtherFeatureServer.SDK.csproj", "{23E754B1-545A-4476-B413-202FDB824E8C}"
EndProject
Project("{9A19103F-16F7-4668-BE54-9A1E7A4F7556}") = "PermissionServer.Server", "src\PermissionServer.Server\PermissionServer.Server.csproj", "{846C571F-D592-449A-AFF0-065B4CBB0257}"
EndProject
Project("{FAE04EC0-301F-11D3-BF4B-00C04F79EFBC}") = "WPF.Shared", "WPF.Shared\WPF.Shared.csproj", "{176D7F23-5BC8-49BC-A478-CE78E4C9C33F}"
EndProject
Global
	GlobalSection(SolutionConfigurationPlatforms) = preSolution
		Debug|Any CPU = Debug|Any CPU
		Release|Any CPU = Release|Any CPU
	EndGlobalSection
	GlobalSection(ProjectConfigurationPlatforms) = postSolution
		{92B28B27-221C-429C-87D7-F012EA8794DF}.Debug|Any CPU.ActiveCfg = Debug|Any CPU
		{92B28B27-221C-429C-87D7-F012EA8794DF}.Debug|Any CPU.Build.0 = Debug|Any CPU
		{92B28B27-221C-429C-87D7-F012EA8794DF}.Release|Any CPU.ActiveCfg = Release|Any CPU
		{92B28B27-221C-429C-87D7-F012EA8794DF}.Release|Any CPU.Build.0 = Release|Any CPU
		{FD4BFC7F-D58A-4034-A390-A30A7C187612}.Debug|Any CPU.ActiveCfg = Debug|Any CPU
		{FD4BFC7F-D58A-4034-A390-A30A7C187612}.Debug|Any CPU.Build.0 = Debug|Any CPU
		{FD4BFC7F-D58A-4034-A390-A30A7C187612}.Release|Any CPU.ActiveCfg = Release|Any CPU
		{FD4BFC7F-D58A-4034-A390-A30A7C187612}.Release|Any CPU.Build.0 = Release|Any CPU
		{1BB6B7DE-C0F4-4506-9197-C255E50B7879}.Debug|Any CPU.ActiveCfg = Debug|Any CPU
		{1BB6B7DE-C0F4-4506-9197-C255E50B7879}.Debug|Any CPU.Build.0 = Debug|Any CPU
		{1BB6B7DE-C0F4-4506-9197-C255E50B7879}.Release|Any CPU.ActiveCfg = Release|Any CPU
		{1BB6B7DE-C0F4-4506-9197-C255E50B7879}.Release|Any CPU.Build.0 = Release|Any CPU
		{086B6EF5-EA49-4588-80D5-AA3724C4EC5E}.Debug|Any CPU.ActiveCfg = Debug|Any CPU
		{086B6EF5-EA49-4588-80D5-AA3724C4EC5E}.Debug|Any CPU.Build.0 = Debug|Any CPU
		{086B6EF5-EA49-4588-80D5-AA3724C4EC5E}.Release|Any CPU.ActiveCfg = Release|Any CPU
		{086B6EF5-EA49-4588-80D5-AA3724C4EC5E}.Release|Any CPU.Build.0 = Release|Any CPU
		{5FB92FBD-43C2-459B-93D6-786C486E81D4}.Debug|Any CPU.ActiveCfg = Debug|Any CPU
		{5FB92FBD-43C2-459B-93D6-786C486E81D4}.Debug|Any CPU.Build.0 = Debug|Any CPU
		{5FB92FBD-43C2-459B-93D6-786C486E81D4}.Release|Any CPU.ActiveCfg = Release|Any CPU
		{5FB92FBD-43C2-459B-93D6-786C486E81D4}.Release|Any CPU.Build.0 = Release|Any CPU
		{9D9357DF-6B02-4AE1-A025-0F873D93BC7B}.Debug|Any CPU.ActiveCfg = Debug|Any CPU
		{9D9357DF-6B02-4AE1-A025-0F873D93BC7B}.Debug|Any CPU.Build.0 = Debug|Any CPU
		{9D9357DF-6B02-4AE1-A025-0F873D93BC7B}.Release|Any CPU.ActiveCfg = Release|Any CPU
		{9D9357DF-6B02-4AE1-A025-0F873D93BC7B}.Release|Any CPU.Build.0 = Release|Any CPU
		{40304ECC-CB62-4CBF-B8FE-F45096F972AA}.Debug|Any CPU.ActiveCfg = Debug|Any CPU
		{40304ECC-CB62-4CBF-B8FE-F45096F972AA}.Debug|Any CPU.Build.0 = Debug|Any CPU
		{40304ECC-CB62-4CBF-B8FE-F45096F972AA}.Release|Any CPU.ActiveCfg = Release|Any CPU
		{40304ECC-CB62-4CBF-B8FE-F45096F972AA}.Release|Any CPU.Build.0 = Release|Any CPU
		{6948BBA5-07C8-431B-A169-3F16F410B987}.Debug|Any CPU.ActiveCfg = Debug|Any CPU
		{6948BBA5-07C8-431B-A169-3F16F410B987}.Debug|Any CPU.Build.0 = Debug|Any CPU
		{6948BBA5-07C8-431B-A169-3F16F410B987}.Release|Any CPU.ActiveCfg = Release|Any CPU
		{6948BBA5-07C8-431B-A169-3F16F410B987}.Release|Any CPU.Build.0 = Release|Any CPU
		{839F0EF6-BE30-4558-A8B9-201CB15748D1}.Debug|Any CPU.ActiveCfg = Debug|Any CPU
		{839F0EF6-BE30-4558-A8B9-201CB15748D1}.Debug|Any CPU.Build.0 = Debug|Any CPU
		{839F0EF6-BE30-4558-A8B9-201CB15748D1}.Release|Any CPU.ActiveCfg = Release|Any CPU
		{839F0EF6-BE30-4558-A8B9-201CB15748D1}.Release|Any CPU.Build.0 = Release|Any CPU
		{81B79C10-7547-48D9-A21C-FF560AAB664D}.Debug|Any CPU.ActiveCfg = Debug|Any CPU
		{81B79C10-7547-48D9-A21C-FF560AAB664D}.Debug|Any CPU.Build.0 = Debug|Any CPU
		{81B79C10-7547-48D9-A21C-FF560AAB664D}.Release|Any CPU.ActiveCfg = Release|Any CPU
		{81B79C10-7547-48D9-A21C-FF560AAB664D}.Release|Any CPU.Build.0 = Release|Any CPU
		{543519C9-A1C2-4C8A-BBB3-642E0D94EAA2}.Debug|Any CPU.ActiveCfg = Debug|Any CPU
		{543519C9-A1C2-4C8A-BBB3-642E0D94EAA2}.Debug|Any CPU.Build.0 = Debug|Any CPU
		{543519C9-A1C2-4C8A-BBB3-642E0D94EAA2}.Release|Any CPU.ActiveCfg = Release|Any CPU
		{543519C9-A1C2-4C8A-BBB3-642E0D94EAA2}.Release|Any CPU.Build.0 = Release|Any CPU
		{A11E9EE2-48FE-4B1B-B625-24891E7679A2}.Debug|Any CPU.ActiveCfg = Debug|Any CPU
		{A11E9EE2-48FE-4B1B-B625-24891E7679A2}.Debug|Any CPU.Build.0 = Debug|Any CPU
		{A11E9EE2-48FE-4B1B-B625-24891E7679A2}.Release|Any CPU.ActiveCfg = Release|Any CPU
		{A11E9EE2-48FE-4B1B-B625-24891E7679A2}.Release|Any CPU.Build.0 = Release|Any CPU
		{560DE27E-2841-43CD-A715-36FBAA79EEAE}.Debug|Any CPU.ActiveCfg = Debug|Any CPU
		{560DE27E-2841-43CD-A715-36FBAA79EEAE}.Debug|Any CPU.Build.0 = Debug|Any CPU
		{560DE27E-2841-43CD-A715-36FBAA79EEAE}.Release|Any CPU.ActiveCfg = Release|Any CPU
		{560DE27E-2841-43CD-A715-36FBAA79EEAE}.Release|Any CPU.Build.0 = Release|Any CPU
		{46B2D01E-BCD0-4034-8299-7468FD8869D5}.Debug|Any CPU.ActiveCfg = Debug|Any CPU
		{46B2D01E-BCD0-4034-8299-7468FD8869D5}.Debug|Any CPU.Build.0 = Debug|Any CPU
		{46B2D01E-BCD0-4034-8299-7468FD8869D5}.Release|Any CPU.ActiveCfg = Release|Any CPU
		{46B2D01E-BCD0-4034-8299-7468FD8869D5}.Release|Any CPU.Build.0 = Release|Any CPU
		{8C8305CC-6722-488C-9A6E-F7D0980BFA58}.Debug|Any CPU.ActiveCfg = Debug|Any CPU
		{8C8305CC-6722-488C-9A6E-F7D0980BFA58}.Debug|Any CPU.Build.0 = Debug|Any CPU
		{8C8305CC-6722-488C-9A6E-F7D0980BFA58}.Release|Any CPU.ActiveCfg = Release|Any CPU
		{8C8305CC-6722-488C-9A6E-F7D0980BFA58}.Release|Any CPU.Build.0 = Release|Any CPU
		{3DE710B9-7BCD-4C9C-9023-94E1C2EC66AF}.Debug|Any CPU.ActiveCfg = Debug|Any CPU
		{3DE710B9-7BCD-4C9C-9023-94E1C2EC66AF}.Debug|Any CPU.Build.0 = Debug|Any CPU
		{3DE710B9-7BCD-4C9C-9023-94E1C2EC66AF}.Release|Any CPU.ActiveCfg = Release|Any CPU
		{3DE710B9-7BCD-4C9C-9023-94E1C2EC66AF}.Release|Any CPU.Build.0 = Release|Any CPU
		{67EEC9EC-6098-4361-95C8-16C5907FEEA0}.Debug|Any CPU.ActiveCfg = Debug|Any CPU
		{67EEC9EC-6098-4361-95C8-16C5907FEEA0}.Debug|Any CPU.Build.0 = Debug|Any CPU
		{67EEC9EC-6098-4361-95C8-16C5907FEEA0}.Release|Any CPU.ActiveCfg = Release|Any CPU
		{67EEC9EC-6098-4361-95C8-16C5907FEEA0}.Release|Any CPU.Build.0 = Release|Any CPU
		{3ABEC639-E3DD-4B6B-B157-544F8B38DEC4}.Debug|Any CPU.ActiveCfg = Debug|Any CPU
		{3ABEC639-E3DD-4B6B-B157-544F8B38DEC4}.Debug|Any CPU.Build.0 = Debug|Any CPU
		{3ABEC639-E3DD-4B6B-B157-544F8B38DEC4}.Release|Any CPU.ActiveCfg = Release|Any CPU
		{3ABEC639-E3DD-4B6B-B157-544F8B38DEC4}.Release|Any CPU.Build.0 = Release|Any CPU
		{9CAC82A3-F5AE-48C5-86ED-2838650BE270}.Debug|Any CPU.ActiveCfg = Debug|Any CPU
		{9CAC82A3-F5AE-48C5-86ED-2838650BE270}.Debug|Any CPU.Build.0 = Debug|Any CPU
		{9CAC82A3-F5AE-48C5-86ED-2838650BE270}.Release|Any CPU.ActiveCfg = Release|Any CPU
		{9CAC82A3-F5AE-48C5-86ED-2838650BE270}.Release|Any CPU.Build.0 = Release|Any CPU
		{7EEA5353-C568-4A4B-8216-A6342FC5476F}.Debug|Any CPU.ActiveCfg = Debug|Any CPU
		{7EEA5353-C568-4A4B-8216-A6342FC5476F}.Debug|Any CPU.Build.0 = Debug|Any CPU
		{7EEA5353-C568-4A4B-8216-A6342FC5476F}.Release|Any CPU.ActiveCfg = Release|Any CPU
		{7EEA5353-C568-4A4B-8216-A6342FC5476F}.Release|Any CPU.Build.0 = Release|Any CPU
		{23E754B1-545A-4476-B413-202FDB824E8C}.Debug|Any CPU.ActiveCfg = Debug|Any CPU
		{23E754B1-545A-4476-B413-202FDB824E8C}.Debug|Any CPU.Build.0 = Debug|Any CPU
		{23E754B1-545A-4476-B413-202FDB824E8C}.Release|Any CPU.ActiveCfg = Release|Any CPU
		{23E754B1-545A-4476-B413-202FDB824E8C}.Release|Any CPU.Build.0 = Release|Any CPU
		{846C571F-D592-449A-AFF0-065B4CBB0257}.Debug|Any CPU.ActiveCfg = Debug|Any CPU
		{846C571F-D592-449A-AFF0-065B4CBB0257}.Debug|Any CPU.Build.0 = Debug|Any CPU
		{846C571F-D592-449A-AFF0-065B4CBB0257}.Release|Any CPU.ActiveCfg = Release|Any CPU
		{846C571F-D592-449A-AFF0-065B4CBB0257}.Release|Any CPU.Build.0 = Release|Any CPU
		{176D7F23-5BC8-49BC-A478-CE78E4C9C33F}.Debug|Any CPU.ActiveCfg = Debug|Any CPU
		{176D7F23-5BC8-49BC-A478-CE78E4C9C33F}.Debug|Any CPU.Build.0 = Debug|Any CPU
		{176D7F23-5BC8-49BC-A478-CE78E4C9C33F}.Release|Any CPU.ActiveCfg = Release|Any CPU
		{176D7F23-5BC8-49BC-A478-CE78E4C9C33F}.Release|Any CPU.Build.0 = Release|Any CPU
	EndGlobalSection
	GlobalSection(SolutionProperties) = preSolution
		HideSolutionNode = FALSE
	EndGlobalSection
	GlobalSection(NestedProjects) = preSolution
		{92B28B27-221C-429C-87D7-F012EA8794DF} = {5B152646-82EE-4457-A693-5B58F1F495C7}
		{FD4BFC7F-D58A-4034-A390-A30A7C187612} = {035CF405-6058-4FB2-AE27-131DE7A3725B}
		{1BB6B7DE-C0F4-4506-9197-C255E50B7879} = {035CF405-6058-4FB2-AE27-131DE7A3725B}
		{086B6EF5-EA49-4588-80D5-AA3724C4EC5E} = {E07655C6-2585-44B4-84D5-B697CAC2A9DD}
		{5FB92FBD-43C2-459B-93D6-786C486E81D4} = {E07655C6-2585-44B4-84D5-B697CAC2A9DD}
		{9D9357DF-6B02-4AE1-A025-0F873D93BC7B} = {035CF405-6058-4FB2-AE27-131DE7A3725B}
		{40304ECC-CB62-4CBF-B8FE-F45096F972AA} = {E07655C6-2585-44B4-84D5-B697CAC2A9DD}
		{6948BBA5-07C8-431B-A169-3F16F410B987} = {653CFE75-E296-4D5F-AF91-943435B9FA90}
		{839F0EF6-BE30-4558-A8B9-201CB15748D1} = {653CFE75-E296-4D5F-AF91-943435B9FA90}
		{81B79C10-7547-48D9-A21C-FF560AAB664D} = {653CFE75-E296-4D5F-AF91-943435B9FA90}
		{035CF405-6058-4FB2-AE27-131DE7A3725B} = {A83DCC44-55AA-41BD-8412-75F0F75AA549}
		{E07655C6-2585-44B4-84D5-B697CAC2A9DD} = {A83DCC44-55AA-41BD-8412-75F0F75AA549}
		{653CFE75-E296-4D5F-AF91-943435B9FA90} = {A83DCC44-55AA-41BD-8412-75F0F75AA549}
		{543519C9-A1C2-4C8A-BBB3-642E0D94EAA2} = {653CFE75-E296-4D5F-AF91-943435B9FA90}
		{A11E9EE2-48FE-4B1B-B625-24891E7679A2} = {653CFE75-E296-4D5F-AF91-943435B9FA90}
		{560DE27E-2841-43CD-A715-36FBAA79EEAE} = {3CF54EF2-0E11-47C4-84AF-6B80C60749D1}
		{46B2D01E-BCD0-4034-8299-7468FD8869D5} = {653CFE75-E296-4D5F-AF91-943435B9FA90}
		{8C8305CC-6722-488C-9A6E-F7D0980BFA58} = {653CFE75-E296-4D5F-AF91-943435B9FA90}
		{3DE710B9-7BCD-4C9C-9023-94E1C2EC66AF} = {3CF54EF2-0E11-47C4-84AF-6B80C60749D1}
		{67EEC9EC-6098-4361-95C8-16C5907FEEA0} = {3CF54EF2-0E11-47C4-84AF-6B80C60749D1}
		{3ABEC639-E3DD-4B6B-B157-544F8B38DEC4} = {E07655C6-2585-44B4-84D5-B697CAC2A9DD}
		{D4937FBF-5FC0-4C23-8928-28082E548970} = {A83DCC44-55AA-41BD-8412-75F0F75AA549}
		{9CAC82A3-F5AE-48C5-86ED-2838650BE270} = {D4937FBF-5FC0-4C23-8928-28082E548970}
		{7EEA5353-C568-4A4B-8216-A6342FC5476F} = {D4937FBF-5FC0-4C23-8928-28082E548970}
		{23E754B1-545A-4476-B413-202FDB824E8C} = {D4937FBF-5FC0-4C23-8928-28082E548970}
		{846C571F-D592-449A-AFF0-065B4CBB0257} = {653CFE75-E296-4D5F-AF91-943435B9FA90}
		{176D7F23-5BC8-49BC-A478-CE78E4C9C33F} = {653CFE75-E296-4D5F-AF91-943435B9FA90}
	EndGlobalSection
	GlobalSection(ExtensibilityGlobals) = postSolution
		SolutionGuid = {27F270B1-A03D-457A-9461-BC8828C0855C}
	EndGlobalSection
EndGlobal
